
Microsoft Visual Studio Solution File, Format Version 12.00
# Visual Studio Version 17
VisualStudioVersion = 17.5.33627.172
MinimumVisualStudioVersion = 10.0.40219.1
Project("{FAE04EC0-301F-11D3-BF4B-00C04F79EFBC}") = "SCREEEEE", "SCREEEEE\SCREEEEE.csproj", "{0631497F-9FC2-4C26-9B41-0A3ED58368D3}"
EndProject
Project("{FAE04EC0-301F-11D3-BF4B-00C04F79EFBC}") = "Logic", "Logic\Logic.csproj", "{53E9DE92-F7F0-4B39-A9DE-62458C528A93}"
EndProject
Global
	GlobalSection(SolutionConfigurationPlatforms) = preSolution
		Debug|Any CPU = Debug|Any CPU
		Release|Any CPU = Release|Any CPU
	EndGlobalSection
	GlobalSection(ProjectConfigurationPlatforms) = postSolution
		{0631497F-9FC2-4C26-9B41-0A3ED58368D3}.Debug|Any CPU.ActiveCfg = Debug|Any CPU
		{0631497F-9FC2-4C26-9B41-0A3ED58368D3}.Debug|Any CPU.Build.0 = Debug|Any CPU
		{0631497F-9FC2-4C26-9B41-0A3ED58368D3}.Release|Any CPU.ActiveCfg = Release|Any CPU
		{0631497F-9FC2-4C26-9B41-0A3ED58368D3}.Release|Any CPU.Build.0 = Release|Any CPU
		{53E9DE92-F7F0-4B39-A9DE-62458C528A93}.Debug|Any CPU.ActiveCfg = Debug|Any CPU
		{53E9DE92-F7F0-4B39-A9DE-62458C528A93}.Debug|Any CPU.Build.0 = Debug|Any CPU
		{53E9DE92-F7F0-4B39-A9DE-62458C528A93}.Release|Any CPU.ActiveCfg = Release|Any CPU
		{53E9DE92-F7F0-4B39-A9DE-62458C528A93}.Release|Any CPU.Build.0 = Release|Any CPU
	EndGlobalSection
	GlobalSection(SolutionProperties) = preSolution
		HideSolutionNode = FALSE
	EndGlobalSection
	GlobalSection(ExtensibilityGlobals) = postSolution
		SolutionGuid = {2BF9B11F-74D1-44EB-B8C1-14A0D733D0AA}
	EndGlobalSection
EndGlobal
